
Microsoft Visual Studio Solution File, Format Version 12.00
# Visual Studio Version 16
VisualStudioVersion = 16.0.30128.74
MinimumVisualStudioVersion = 10.0.40219.1
Project("{9A19103F-16F7-4668-BE54-9A1E7A4F7556}") = "MyDystopianUniverse", "MyDystopianUniverse\MyDystopianUniverse.csproj", "{E51661F9-272F-404A-BE61-F2206E299A73}"
EndProject
Project("{FAE04EC0-301F-11D3-BF4B-00C04F79EFBC}") = "DatabaseModels", "DatabaseModels\DatabaseModels.csproj", "{435969E7-A2DC-465B-BB29-77C788DA8C3F}"
EndProject
Global
	GlobalSection(SolutionConfigurationPlatforms) = preSolution
		Debug|Any CPU = Debug|Any CPU
		Release|Any CPU = Release|Any CPU
	EndGlobalSection
	GlobalSection(ProjectConfigurationPlatforms) = postSolution
		{E51661F9-272F-404A-BE61-F2206E299A73}.Debug|Any CPU.ActiveCfg = Debug|Any CPU
		{E51661F9-272F-404A-BE61-F2206E299A73}.Debug|Any CPU.Build.0 = Debug|Any CPU
		{E51661F9-272F-404A-BE61-F2206E299A73}.Release|Any CPU.ActiveCfg = Release|Any CPU
		{E51661F9-272F-404A-BE61-F2206E299A73}.Release|Any CPU.Build.0 = Release|Any CPU
		{435969E7-A2DC-465B-BB29-77C788DA8C3F}.Debug|Any CPU.ActiveCfg = Debug|Any CPU
		{435969E7-A2DC-465B-BB29-77C788DA8C3F}.Debug|Any CPU.Build.0 = Debug|Any CPU
		{435969E7-A2DC-465B-BB29-77C788DA8C3F}.Release|Any CPU.ActiveCfg = Release|Any CPU
		{435969E7-A2DC-465B-BB29-77C788DA8C3F}.Release|Any CPU.Build.0 = Release|Any CPU
	EndGlobalSection
	GlobalSection(SolutionProperties) = preSolution
		HideSolutionNode = FALSE
	EndGlobalSection
	GlobalSection(ExtensibilityGlobals) = postSolution
		SolutionGuid = {8BC3F5F6-D59F-4B0D-8618-1E1175428442}
	EndGlobalSection
EndGlobal
